
Microsoft Visual Studio Solution File, Format Version 12.00
# Visual Studio Version 17
VisualStudioVersion = 17.14.36127.28 d17.14
MinimumVisualStudioVersion = 10.0.40219.1
Project("{8BC9CEB8-8B4A-11D0-8D11-00A0C91BC942}") = "ATM_System", "ATM_System\ATM_System.vcxproj", "{6C00A5AD-0419-45B5-82CD-444ECD7D6AEA}"
EndProject
Global
	GlobalSection(SolutionConfigurationPlatforms) = preSolution
		Debug|x64 = Debug|x64
		Debug|x86 = Debug|x86
		Release|x64 = Release|x64
		Release|x86 = Release|x86
	EndGlobalSection
	GlobalSection(ProjectConfigurationPlatforms) = postSolution
		{6C00A5AD-0419-45B5-82CD-444ECD7D6AEA}.Debug|x64.ActiveCfg = Debug|x64
		{6C00A5AD-0419-45B5-82CD-444ECD7D6AEA}.Debug|x64.Build.0 = Debug|x64
		{6C00A5AD-0419-45B5-82CD-444ECD7D6AEA}.Debug|x86.ActiveCfg = Debug|Win32
		{6C00A5AD-0419-45B5-82CD-444ECD7D6AEA}.Debug|x86.Build.0 = Debug|Win32
		{6C00A5AD-0419-45B5-82CD-444ECD7D6AEA}.Release|x64.ActiveCfg = Release|x64
		{6C00A5AD-0419-45B5-82CD-444ECD7D6AEA}.Release|x64.Build.0 = Release|x64
		{6C00A5AD-0419-45B5-82CD-444ECD7D6AEA}.Release|x86.ActiveCfg = Release|Win32
		{6C00A5AD-0419-45B5-82CD-444ECD7D6AEA}.Release|x86.Build.0 = Release|Win32
	EndGlobalSection
	GlobalSection(SolutionProperties) = preSolution
		HideSolutionNode = FALSE
	EndGlobalSection
	GlobalSection(ExtensibilityGlobals) = postSolution
		SolutionGuid = {62CF9900-BD58-44BD-93A8-D43C465528BF}
	EndGlobalSection
EndGlobal
